# THIS IS AN AUTOGENERATED FILE. DO NOT EDIT THIS FILE DIRECTLY.
# yarn lockfile v1


"@babel/runtime@^7.23.2":
  version "7.27.6"
  resolved "https://registry.yarnpkg.com/@babel/runtime/-/runtime-7.27.6.tgz#ec4070a04d76bae8ddbb10770ba55714a417b7c6"
  integrity sha512-vbavdySgbTTrmFE+EsiqUTzlOr5bzlnJtUv9PynGCAKvfQqjIXbvFdumPM/GxMDfyuGMJaJAU6TO4zc1Jf1i8Q==

"@floating-ui/core@^1.6.0":
  version "1.6.8"
  resolved "https://registry.yarnpkg.com/@floating-ui/core/-/core-1.6.8.tgz#aa43561be075815879305965020f492cdb43da12"
  integrity sha512-7XJ9cPU+yI2QeLS+FCSlqNFZJq8arvswefkZrYI1yQBbftw6FyrZOxYSh+9S7z7TpeWlRt9zJ5IhM1WIL334jA==
  dependencies:
    "@floating-ui/utils" "^0.2.8"

"@floating-ui/dom@^1.6.12":
  version "1.6.12"
  resolved "https://registry.yarnpkg.com/@floating-ui/dom/-/dom-1.6.12.tgz#6333dcb5a8ead3b2bf82f33d6bc410e95f54e556"
  integrity sha512-NP83c0HjokcGVEMeoStg317VD9W7eDlGK7457dMBANbKA6GJZdc7rjujdgqzTaz93jkGgc5P/jeWbaCHnMNc+w==
  dependencies:
    "@floating-ui/core" "^1.6.0"
    "@floating-ui/utils" "^0.2.8"

"@floating-ui/utils@^0.2.8":
  version "0.2.8"
  resolved "https://registry.yarnpkg.com/@floating-ui/utils/-/utils-0.2.8.tgz#21a907684723bbbaa5f0974cf7730bd797eb8e62"
  integrity sha512-kym7SodPp8/wloecOpcmSnWJsK7M0E5Wg8UcFA+uO4B9s5d0ywXOEro/8HM9x0rW+TljRzul/14UYz3TleT3ig==

"@types/uuid@^9.0.0":
  version "9.0.8"
  resolved "https://registry.yarnpkg.com/@types/uuid/-/uuid-9.0.8.tgz#7545ba4fc3c003d6c756f651f3bf163d8f0f29ba"
  integrity sha512-jg+97EGIcY9AGHJJRaaPVgetKDsrTgbRjQ5Msgjh/DQKEFl0DtyRr/VCOyD1T2R1MNeWPK/u7JoGhlDZnKBAfA==

boon-js@^2.0.5:
  version "2.0.5"
  resolved "https://registry.yarnpkg.com/boon-js/-/boon-js-2.0.5.tgz#d65d1fc1a43c20ab1a8b33d6d172ed20abd2d2f4"
  integrity sha512-Ck9YXckVbbIjpZPxtKXJ5TcT+ptU4E9lJy2X6hBKsR2nZqg026eHf9aw3KGXoFbfO4coRLaW9ql0tWrBrqJt1A==

chrono-node@2.3.9:
  version "2.3.9"
  resolved "https://registry.yarnpkg.com/chrono-node/-/chrono-node-2.3.9.tgz#27f6174f796d094721566d7b00fd514501ad6ef5"
  integrity sha512-Qg6zmsGwaWzWiMKapr060sL6zgfBIkTxnyCTd7KGQ0YDTYg0VvBfqRRBuaOkGjiVGdKPM/cp4QQTLcpUhZQxXg==
  dependencies:
    dayjs "^1.10.0"

dayjs@^1.10.0:
  version "1.10.7"
  resolved "https://registry.yarnpkg.com/dayjs/-/dayjs-1.10.7.tgz#2cf5f91add28116748440866a0a1d26f3a6ce468"
  integrity sha512-P6twpd70BcPK34K26uJ1KT3wlhpuOAPoMwJzpsIWUxHZ7wpmbdZL/hQqBDfz7hGurYSa5PhzdhDHtt319hL3ig==

eventemitter2@^6.4.5:
  version "6.4.7"
  resolved "https://registry.yarnpkg.com/eventemitter2/-/eventemitter2-6.4.7.tgz#a7f6c4d7abf28a14c1ef3442f21cb306a054271d"
  integrity sha512-tYUSVOGeQPKt/eC1ABfhHy5Xd96N3oIijJvN3O9+TsC28T5V9yX9oEfEK5faP0EFSNVOG97qtAS68GBrQB2hDg==

flatpickr@^4.6.13:
  version "4.6.13"
  resolved "https://registry.yarnpkg.com/flatpickr/-/flatpickr-4.6.13.tgz#8a029548187fd6e0d670908471e43abe9ad18d94"
  integrity sha512-97PMG/aywoYpB4IvbvUJi0RQi8vearvU0oov1WW3k0WZPBMrTQVqekSX5CjSG/M4Q3i6A/0FKXC7RyAoAUUSPw==

i18next@^24.2.1:
  version "24.2.1"
  resolved "https://registry.yarnpkg.com/i18next/-/i18next-24.2.1.tgz#91e8f11fc9bd7042ec0bd36bed2dd0457aaa35fa"
  integrity sha512-Q2wC1TjWcSikn1VAJg13UGIjc+okpFxQTxjVAymOnSA3RpttBQNMPf2ovcgoFVsV4QNxTfNZMAxorXZXsk4fBA==
  dependencies:
    "@babel/runtime" "^7.23.2"

mustache-validator@^0.2.0:
  version "0.2.0"
  resolved "https://registry.yarnpkg.com/mustache-validator/-/mustache-validator-0.2.0.tgz#b9ef770263fe560429a7f90cb5866331f4274cb1"
  integrity sha512-L4RIboVYTXHFHNWv5Sac3Ru63SUMgDRSY1G7YapeasgMf7IqpYIO/h8f+/5GJJIwcCcfyQXDFffD+VO6/F5f+Q==

mustache@^4.2.0:
  version "4.2.0"
  resolved "https://registry.yarnpkg.com/mustache/-/mustache-4.2.0.tgz#e5892324d60a12ec9c2a73359edca52972bf6f64"
  integrity sha512-71ippSywq5Yb7/tVYyGbkBggbU8H3u5Rz56fH60jGFgr8uHwxs+aSKeqmluIVzM0m0kB7xQjKS6qPfd0b2ZoqQ==

rrule@^2.8.1:
  version "2.8.1"
  resolved "https://registry.yarnpkg.com/rrule/-/rrule-2.8.1.tgz#e8341a9ce3e68ce5b8da4d502e893cd9f286805e"
  integrity sha512-hM3dHSBMeaJ0Ktp7W38BJZ7O1zOgaFEsn41PDk+yHoEtfLV+PoJt9E9xAlZiWgf/iqEqionN0ebHFZIDAp+iGw==
  dependencies:
    tslib "^2.4.0"

tslib@^2.4.0:
  version "2.6.2"
  resolved "https://registry.yarnpkg.com/tslib/-/tslib-2.6.2.tgz#703ac29425e7b37cd6fd456e92404d46d1f3e4ae"
  integrity sha512-AEYxH93jGFPn/a2iVAwW87VuUIkR1FVUKB77NwMF7nBTDkDrrT/Hpt/IrCJ0QXhW27jTBDcf5ZY7w6RiqTMw2Q==

uuid@^9.0.0:
  version "9.0.1"
  resolved "https://registry.yarnpkg.com/uuid/-/uuid-9.0.1.tgz#e188d4c8853cc722220392c424cd637f32293f30"
  integrity sha512-b+1eJOlsR9K8HJpow9Ok3fiWOWSIcIzXodvv0rQjVoOVNpWMpxf1wZNpt4y9h10odCNrqnYp1OBzRktckBe3sA==
